
Microsoft Visual Studio Solution File, Format Version 12.00
# Visual Studio Version 17
VisualStudioVersion = 17.6.33723.286
MinimumVisualStudioVersion = 10.0.40219.1
Project("{2150E333-8FDC-42A3-9474-1A3956D46DE8}") = "Solution Items", "Solution Items", "{F14CD996-F878-4444-8559-CE84884C70C8}"
	ProjectSection(SolutionItems) = preProject
		Ports.txt = Ports.txt
	EndProjectSection
EndProject
Project("{2150E333-8FDC-42A3-9474-1A3956D46DE8}") = "src", "src", "{A0BE8104-D475-4128-8784-B3A2D3966E72}"
EndProject
Project("{2150E333-8FDC-42A3-9474-1A3956D46DE8}") = "Services", "Services", "{D7B60FE1-C94A-47F2-B3A6-03596D604E25}"
EndProject
Project("{2150E333-8FDC-42A3-9474-1A3956D46DE8}") = "Shared", "Shared", "{923A33A5-DABA-4385-B1F2-260D62D31427}"
EndProject
Project("{2150E333-8FDC-42A3-9474-1A3956D46DE8}") = "WorkerServices", "WorkerServices", "{E2A9E923-DA0C-4F6A-9D1F-43EABE5BE615}"
EndProject
Project("{2150E333-8FDC-42A3-9474-1A3956D46DE8}") = "IdentityService", "IdentityService", "{5169122D-D595-4D7B-8D94-45FDA467573C}"
EndProject
Project("{2150E333-8FDC-42A3-9474-1A3956D46DE8}") = "CatalogService", "CatalogService", "{8DEEED54-FEEA-4283-AA7B-C95855D14B06}"
EndProject
Project("{2150E333-8FDC-42A3-9474-1A3956D46DE8}") = "BasketService", "BasketService", "{4B0D7F7E-BDE2-4CE4-BFD7-9A9FF529FA8F}"
EndProject
Project("{2150E333-8FDC-42A3-9474-1A3956D46DE8}") = "PaymentService", "PaymentService", "{859A3D79-0871-47D1-8C3D-FEC13A633C62}"
EndProject
Project("{2150E333-8FDC-42A3-9474-1A3956D46DE8}") = "DiscountService", "DiscountService", "{8D547064-8D64-47AA-B2D0-A1DB0FB7399E}"
EndProject
Project("{2150E333-8FDC-42A3-9474-1A3956D46DE8}") = "StockService", "StockService", "{DD52D95C-4B1F-409C-88FA-819DB6D41864}"
EndProject
Project("{2150E333-8FDC-42A3-9474-1A3956D46DE8}") = "InvestigationService", "InvestigationService", "{664BBD2A-59D8-4BC7-8BFD-B9F751C45C39}"
EndProject
Project("{2150E333-8FDC-42A3-9474-1A3956D46DE8}") = "QuestionComplaintService", "QuestionComplaintService", "{686CD46D-CF2B-4F19-B341-667D109399BF}"
EndProject
Project("{2150E333-8FDC-42A3-9474-1A3956D46DE8}") = "ReportingAndAnaylticsService", "ReportingAndAnaylticsService", "{763A97E0-B573-463B-8614-62C2CD4902AC}"
EndProject
Project("{2150E333-8FDC-42A3-9474-1A3956D46DE8}") = "NotificationService", "NotificationService", "{340EB7BD-4D05-4BE5-970F-B1D98BE5544D}"
EndProject
Project("{9A19103F-16F7-4668-BE54-9A1E7A4F7556}") = "SharedService", "src\Shared\SharedService\SharedService.csproj", "{D6CD85E9-0F7B-405B-80BC-19DD41ED32BC}"
EndProject
Project("{9A19103F-16F7-4668-BE54-9A1E7A4F7556}") = "SagaOrchestration-WorkerService", "src\WorkerService\SagaOrchestration-WorkerService\SagaOrchestration-WorkerService.csproj", "{6A5D55EA-EC4F-414C-B76E-4561CAECA150}"
EndProject
Project("{9A19103F-16F7-4668-BE54-9A1E7A4F7556}") = "CatalogService.API", "src\Services\CatalogService\CatalogService.API\CatalogService.API.csproj", "{944CA058-1414-4FF2-9329-A10BE769CD00}"
EndProject
Project("{9A19103F-16F7-4668-BE54-9A1E7A4F7556}") = "BasketService.API", "src\Services\BasketService\BasketService.API\BasketService.API.csproj", "{AD58E786-BE8D-4E87-BD60-79E62748C0D7}"
EndProject
Project("{9A19103F-16F7-4668-BE54-9A1E7A4F7556}") = "DiscountService.API", "src\Services\DiscountService.API\DiscountService.API\DiscountService.API.csproj", "{5E9AE7D1-DD7F-4115-A21C-4FBA1D5C6B24}"
EndProject
Project("{9A19103F-16F7-4668-BE54-9A1E7A4F7556}") = "InvestigationServic.API", "src\Services\InvestigationService\InvestigationServic.API\InvestigationServic.API.csproj", "{D38B97CE-5439-4B67-BF67-136A0D8DA957}"
EndProject
Project("{9A19103F-16F7-4668-BE54-9A1E7A4F7556}") = "PaymentService.API", "src\Services\PaymentService\PaymentService.API\PaymentService.API.csproj", "{84B3AB4D-A3AA-455F-92F3-000601DA91B1}"
EndProject
Project("{9A19103F-16F7-4668-BE54-9A1E7A4F7556}") = "StockService.API", "src\Services\StockService\StockService.API\StockService.API.csproj", "{631C72B6-9295-41D9-8754-D9021ECAF975}"
EndProject
Project("{9A19103F-16F7-4668-BE54-9A1E7A4F7556}") = "AnalyticsService.API", "src\Services\AnalyticsService\AnalyticsService.API\AnalyticsService.API.csproj", "{41ECB28E-65DC-4C1C-8BEA-C7263EBB1353}"
EndProject
Project("{9A19103F-16F7-4668-BE54-9A1E7A4F7556}") = "ComplationService.API", "src\Services\ComplationService\ComplationService.API\ComplationService.API.csproj", "{1AEBF92E-C8CF-45D5-A1AA-535447405A9E}"
EndProject
Project("{9A19103F-16F7-4668-BE54-9A1E7A4F7556}") = "IdentityService.API", "src\Services\IdentityService\IdentityService.API\IdentityService.API.csproj", "{08A19E12-69EE-494B-9B01-B749E7DC38AA}"
EndProject
Project("{2150E333-8FDC-42A3-9474-1A3956D46DE8}") = "OrderService", "OrderService", "{00B8131B-BA65-4B21-AC5E-609AB794599F}"
EndProject
Project("{FAE04EC0-301F-11D3-BF4B-00C04F79EFBC}") = "OrderService.API", "src\Services\OrderService\OrderService.API\OrderService.API.csproj", "{3D3B8B13-4D65-4193-AF74-A93A34221BFC}"
EndProject
Global
	GlobalSection(SolutionConfigurationPlatforms) = preSolution
		Debug|Any CPU = Debug|Any CPU
		Release|Any CPU = Release|Any CPU
	EndGlobalSection
	GlobalSection(ProjectConfigurationPlatforms) = postSolution
		{D6CD85E9-0F7B-405B-80BC-19DD41ED32BC}.Debug|Any CPU.ActiveCfg = Debug|Any CPU
		{D6CD85E9-0F7B-405B-80BC-19DD41ED32BC}.Debug|Any CPU.Build.0 = Debug|Any CPU
		{D6CD85E9-0F7B-405B-80BC-19DD41ED32BC}.Release|Any CPU.ActiveCfg = Release|Any CPU
		{D6CD85E9-0F7B-405B-80BC-19DD41ED32BC}.Release|Any CPU.Build.0 = Release|Any CPU
		{6A5D55EA-EC4F-414C-B76E-4561CAECA150}.Debug|Any CPU.ActiveCfg = Debug|Any CPU
		{6A5D55EA-EC4F-414C-B76E-4561CAECA150}.Debug|Any CPU.Build.0 = Debug|Any CPU
		{6A5D55EA-EC4F-414C-B76E-4561CAECA150}.Release|Any CPU.ActiveCfg = Release|Any CPU
		{6A5D55EA-EC4F-414C-B76E-4561CAECA150}.Release|Any CPU.Build.0 = Release|Any CPU
		{944CA058-1414-4FF2-9329-A10BE769CD00}.Debug|Any CPU.ActiveCfg = Debug|Any CPU
		{944CA058-1414-4FF2-9329-A10BE769CD00}.Debug|Any CPU.Build.0 = Debug|Any CPU
		{944CA058-1414-4FF2-9329-A10BE769CD00}.Release|Any CPU.ActiveCfg = Release|Any CPU
		{944CA058-1414-4FF2-9329-A10BE769CD00}.Release|Any CPU.Build.0 = Release|Any CPU
		{AD58E786-BE8D-4E87-BD60-79E62748C0D7}.Debug|Any CPU.ActiveCfg = Debug|Any CPU
		{AD58E786-BE8D-4E87-BD60-79E62748C0D7}.Debug|Any CPU.Build.0 = Debug|Any CPU
		{AD58E786-BE8D-4E87-BD60-79E62748C0D7}.Release|Any CPU.ActiveCfg = Release|Any CPU
		{AD58E786-BE8D-4E87-BD60-79E62748C0D7}.Release|Any CPU.Build.0 = Release|Any CPU
		{5E9AE7D1-DD7F-4115-A21C-4FBA1D5C6B24}.Debug|Any CPU.ActiveCfg = Debug|Any CPU
		{5E9AE7D1-DD7F-4115-A21C-4FBA1D5C6B24}.Debug|Any CPU.Build.0 = Debug|Any CPU
		{5E9AE7D1-DD7F-4115-A21C-4FBA1D5C6B24}.Release|Any CPU.ActiveCfg = Release|Any CPU
		{5E9AE7D1-DD7F-4115-A21C-4FBA1D5C6B24}.Release|Any CPU.Build.0 = Release|Any CPU
		{D38B97CE-5439-4B67-BF67-136A0D8DA957}.Debug|Any CPU.ActiveCfg = Debug|Any CPU
		{D38B97CE-5439-4B67-BF67-136A0D8DA957}.Debug|Any CPU.Build.0 = Debug|Any CPU
		{D38B97CE-5439-4B67-BF67-136A0D8DA957}.Release|Any CPU.ActiveCfg = Release|Any CPU
		{D38B97CE-5439-4B67-BF67-136A0D8DA957}.Release|Any CPU.Build.0 = Release|Any CPU
		{84B3AB4D-A3AA-455F-92F3-000601DA91B1}.Debug|Any CPU.ActiveCfg = Debug|Any CPU
		{84B3AB4D-A3AA-455F-92F3-000601DA91B1}.Debug|Any CPU.Build.0 = Debug|Any CPU
		{84B3AB4D-A3AA-455F-92F3-000601DA91B1}.Release|Any CPU.ActiveCfg = Release|Any CPU
		{84B3AB4D-A3AA-455F-92F3-000601DA91B1}.Release|Any CPU.Build.0 = Release|Any CPU
		{631C72B6-9295-41D9-8754-D9021ECAF975}.Debug|Any CPU.ActiveCfg = Debug|Any CPU
		{631C72B6-9295-41D9-8754-D9021ECAF975}.Debug|Any CPU.Build.0 = Debug|Any CPU
		{631C72B6-9295-41D9-8754-D9021ECAF975}.Release|Any CPU.ActiveCfg = Release|Any CPU
		{631C72B6-9295-41D9-8754-D9021ECAF975}.Release|Any CPU.Build.0 = Release|Any CPU
		{41ECB28E-65DC-4C1C-8BEA-C7263EBB1353}.Debug|Any CPU.ActiveCfg = Debug|Any CPU
		{41ECB28E-65DC-4C1C-8BEA-C7263EBB1353}.Debug|Any CPU.Build.0 = Debug|Any CPU
		{41ECB28E-65DC-4C1C-8BEA-C7263EBB1353}.Release|Any CPU.ActiveCfg = Release|Any CPU
		{41ECB28E-65DC-4C1C-8BEA-C7263EBB1353}.Release|Any CPU.Build.0 = Release|Any CPU
		{1AEBF92E-C8CF-45D5-A1AA-535447405A9E}.Debug|Any CPU.ActiveCfg = Debug|Any CPU
		{1AEBF92E-C8CF-45D5-A1AA-535447405A9E}.Debug|Any CPU.Build.0 = Debug|Any CPU
		{1AEBF92E-C8CF-45D5-A1AA-535447405A9E}.Release|Any CPU.ActiveCfg = Release|Any CPU
		{1AEBF92E-C8CF-45D5-A1AA-535447405A9E}.Release|Any CPU.Build.0 = Release|Any CPU
		{08A19E12-69EE-494B-9B01-B749E7DC38AA}.Debug|Any CPU.ActiveCfg = Debug|Any CPU
		{08A19E12-69EE-494B-9B01-B749E7DC38AA}.Debug|Any CPU.Build.0 = Debug|Any CPU
		{08A19E12-69EE-494B-9B01-B749E7DC38AA}.Release|Any CPU.ActiveCfg = Release|Any CPU
		{08A19E12-69EE-494B-9B01-B749E7DC38AA}.Release|Any CPU.Build.0 = Release|Any CPU
		{3D3B8B13-4D65-4193-AF74-A93A34221BFC}.Debug|Any CPU.ActiveCfg = Debug|Any CPU
		{3D3B8B13-4D65-4193-AF74-A93A34221BFC}.Debug|Any CPU.Build.0 = Debug|Any CPU
		{3D3B8B13-4D65-4193-AF74-A93A34221BFC}.Release|Any CPU.ActiveCfg = Release|Any CPU
		{3D3B8B13-4D65-4193-AF74-A93A34221BFC}.Release|Any CPU.Build.0 = Release|Any CPU
	EndGlobalSection
	GlobalSection(SolutionProperties) = preSolution
		HideSolutionNode = FALSE
	EndGlobalSection
	GlobalSection(NestedProjects) = preSolution
		{D7B60FE1-C94A-47F2-B3A6-03596D604E25} = {A0BE8104-D475-4128-8784-B3A2D3966E72}
		{923A33A5-DABA-4385-B1F2-260D62D31427} = {A0BE8104-D475-4128-8784-B3A2D3966E72}
		{E2A9E923-DA0C-4F6A-9D1F-43EABE5BE615} = {A0BE8104-D475-4128-8784-B3A2D3966E72}
		{5169122D-D595-4D7B-8D94-45FDA467573C} = {D7B60FE1-C94A-47F2-B3A6-03596D604E25}
		{8DEEED54-FEEA-4283-AA7B-C95855D14B06} = {D7B60FE1-C94A-47F2-B3A6-03596D604E25}
		{4B0D7F7E-BDE2-4CE4-BFD7-9A9FF529FA8F} = {D7B60FE1-C94A-47F2-B3A6-03596D604E25}
		{859A3D79-0871-47D1-8C3D-FEC13A633C62} = {D7B60FE1-C94A-47F2-B3A6-03596D604E25}
		{8D547064-8D64-47AA-B2D0-A1DB0FB7399E} = {D7B60FE1-C94A-47F2-B3A6-03596D604E25}
		{DD52D95C-4B1F-409C-88FA-819DB6D41864} = {D7B60FE1-C94A-47F2-B3A6-03596D604E25}
		{664BBD2A-59D8-4BC7-8BFD-B9F751C45C39} = {D7B60FE1-C94A-47F2-B3A6-03596D604E25}
		{686CD46D-CF2B-4F19-B341-667D109399BF} = {D7B60FE1-C94A-47F2-B3A6-03596D604E25}
		{763A97E0-B573-463B-8614-62C2CD4902AC} = {D7B60FE1-C94A-47F2-B3A6-03596D604E25}
		{340EB7BD-4D05-4BE5-970F-B1D98BE5544D} = {D7B60FE1-C94A-47F2-B3A6-03596D604E25}
		{D6CD85E9-0F7B-405B-80BC-19DD41ED32BC} = {923A33A5-DABA-4385-B1F2-260D62D31427}
		{6A5D55EA-EC4F-414C-B76E-4561CAECA150} = {E2A9E923-DA0C-4F6A-9D1F-43EABE5BE615}
		{944CA058-1414-4FF2-9329-A10BE769CD00} = {8DEEED54-FEEA-4283-AA7B-C95855D14B06}
		{AD58E786-BE8D-4E87-BD60-79E62748C0D7} = {4B0D7F7E-BDE2-4CE4-BFD7-9A9FF529FA8F}
		{5E9AE7D1-DD7F-4115-A21C-4FBA1D5C6B24} = {8D547064-8D64-47AA-B2D0-A1DB0FB7399E}
		{D38B97CE-5439-4B67-BF67-136A0D8DA957} = {664BBD2A-59D8-4BC7-8BFD-B9F751C45C39}
		{84B3AB4D-A3AA-455F-92F3-000601DA91B1} = {859A3D79-0871-47D1-8C3D-FEC13A633C62}
		{631C72B6-9295-41D9-8754-D9021ECAF975} = {DD52D95C-4B1F-409C-88FA-819DB6D41864}
		{41ECB28E-65DC-4C1C-8BEA-C7263EBB1353} = {763A97E0-B573-463B-8614-62C2CD4902AC}
		{1AEBF92E-C8CF-45D5-A1AA-535447405A9E} = {686CD46D-CF2B-4F19-B341-667D109399BF}
		{08A19E12-69EE-494B-9B01-B749E7DC38AA} = {5169122D-D595-4D7B-8D94-45FDA467573C}
		{00B8131B-BA65-4B21-AC5E-609AB794599F} = {D7B60FE1-C94A-47F2-B3A6-03596D604E25}
		{3D3B8B13-4D65-4193-AF74-A93A34221BFC} = {00B8131B-BA65-4B21-AC5E-609AB794599F}
	EndGlobalSection
	GlobalSection(ExtensibilityGlobals) = postSolution
		SolutionGuid = {1BE38D21-6B0A-4DE9-A7BF-9E95916F6867}
	EndGlobalSection
EndGlobal
